
Microsoft Visual Studio Solution File, Format Version 12.00
# Visual Studio 14
VisualStudioVersion = 14.0.24720.0
MinimumVisualStudioVersion = 10.0.40219.1
Project("{FAE04EC0-301F-11D3-BF4B-00C04F79EFBC}") = "PSA.Expense", "PSA.Expense\PSA.Expense\PSA.Expense.csproj", "{5F2832A9-C19C-4752-B64C-C2620325D7AE}"
EndProject
Project("{FAE04EC0-301F-11D3-BF4B-00C04F79EFBC}") = "PSA.Expense.iOS", "PSA.Expense\PSA.Expense.iOS\PSA.Expense.iOS.csproj", "{BAC2D315-D8E0-4F83-9790-D37036E6E02A}"
EndProject
Project("{FAE04EC0-301F-11D3-BF4B-00C04F79EFBC}") = "PSA.Expense.Droid", "PSA.Expense\PSA.Expense.Droid\PSA.Expense.Droid.csproj", "{56BB1D56-E560-42CB-8B6F-9B10D1762010}"
EndProject
Project("{FAE04EC0-301F-11D3-BF4B-00C04F79EFBC}") = "PSA.Expense.WinPhone", "PSA.Expense\PSA.Expense.WinPhone\PSA.Expense.WinPhone.csproj", "{6051731A-B04A-4C5D-BFD9-BA73BCED2EB0}"
EndProject
Project("{2150E333-8FDC-42A3-9474-1A3956D46DE8}") = "Common", "Common", "{E58D7E65-A465-41E2-82D9-1D79DE2AFD47}"
EndProject
Project("{FAE04EC0-301F-11D3-BF4B-00C04F79EFBC}") = "Common.Model", "..\Common\Common.Model\Common.Model.csproj", "{8E8461BB-E5BA-4D73-8B6C-B4B34F742CAD}"
EndProject
Project("{FAE04EC0-301F-11D3-BF4B-00C04F79EFBC}") = "Common.Utilities", "..\Common\Common.Utilities\Common.Utilities.csproj", "{71258D63-13CC-4B18-880E-23CC41BEF43B}"
EndProject
Project("{FAE04EC0-301F-11D3-BF4B-00C04F79EFBC}") = "Common.View", "..\Common\Common.View\Common.View.csproj", "{67F9D3A8-F71E-4428-913F-C37AE82CDB24}"
EndProject
Project("{FAE04EC0-301F-11D3-BF4B-00C04F79EFBC}") = "Common.ViewModel", "..\Common\Common.ViewModel\Common.ViewModel.csproj", "{8A431C04-1A59-47BE-99EB-0665A514B244}"
EndProject
Project("{FAE04EC0-301F-11D3-BF4B-00C04F79EFBC}") = "Common.WinPhone", "..\Common\Common.WinPhone\Common.WinPhone.csproj", "{89098A57-2169-401E-82C6-5BF811BA1676}"
EndProject
Project("{FAE04EC0-301F-11D3-BF4B-00C04F79EFBC}") = "Common.Android", "..\Common\Common.Android\Common.Android.csproj", "{8386B494-0565-4CC4-AEE6-E32F88CAD598}"
EndProject
Project("{2150E333-8FDC-42A3-9474-1A3956D46DE8}") = "Assets", "Assets", "{B12ED410-1E10-4C58-94BC-D627B8590450}"
EndProject
Project("{2150E333-8FDC-42A3-9474-1A3956D46DE8}") = "Icons", "Icons", "{7249347A-5DE1-4574-9F1B-3B8F12CF9B73}"
	ProjectSection(SolutionItems) = preProject
		PSA.Expense\Assets\Icons\add.png = PSA.Expense\Assets\Icons\add.png
		PSA.Expense\Assets\Icons\back.png = PSA.Expense\Assets\Icons\back.png
		PSA.Expense\Assets\Icons\camera.png = PSA.Expense\Assets\Icons\camera.png
		PSA.Expense\Assets\Icons\delete.png = PSA.Expense\Assets\Icons\delete.png
		PSA.Expense\Assets\Icons\refresh.png = PSA.Expense\Assets\Icons\refresh.png
		PSA.Expense\Assets\Icons\save.png = PSA.Expense\Assets\Icons\save.png
		PSA.Expense\Assets\Icons\upload.png = PSA.Expense\Assets\Icons\upload.png
	EndProjectSection
EndProject
Project("{2150E333-8FDC-42A3-9474-1A3956D46DE8}") = "Fonts", "Fonts", "{2EA7B051-FD1D-4E22-B1C6-1452FCBA1C1E}"
	ProjectSection(SolutionItems) = preProject
		PSA.Expense\Assets\Fonts\DynamicsSymbol.ttf = PSA.Expense\Assets\Fonts\DynamicsSymbol.ttf
	EndProjectSection
EndProject
Project("{2150E333-8FDC-42A3-9474-1A3956D46DE8}") = "Logos", "Logos", "{2325087E-69F4-4B46-80BB-E7B16422AB8C}"
	ProjectSection(SolutionItems) = preProject
		PSA.Expense\Assets\Logos\Logo159x159.png = PSA.Expense\Assets\Logos\Logo159x159.png
		PSA.Expense\Assets\Logos\Logo336x336.png = PSA.Expense\Assets\Logos\Logo336x336.png
	EndProjectSection
EndProject
Project("{FAE04EC0-301F-11D3-BF4B-00C04F79EFBC}") = "Common.Windows", "..\Common\Common.Windows\Common.Windows.csproj", "{A3F16736-55CE-4F27-904B-C7C378A9800D}"
EndProject
Project("{FAE04EC0-301F-11D3-BF4B-00C04F79EFBC}") = "Common.iOS", "..\Common\Common.iOS\Common.iOS.csproj", "{6C0D61FD-9B4B-4305-8913-002673DE9E4F}"
EndProject
Project("{2150E333-8FDC-42A3-9474-1A3956D46DE8}") = "Solution Items", "Solution Items", "{349657EC-30DC-4C30-871A-2202562B6B64}"
	ProjectSection(SolutionItems) = preProject
		nuget.config = nuget.config
	EndProjectSection
EndProject
Global
	GlobalSection(SolutionConfigurationPlatforms) = preSolution
		Ad-Hoc|Any CPU = Ad-Hoc|Any CPU
		Ad-Hoc|ARM = Ad-Hoc|ARM
		Ad-Hoc|iPhone = Ad-Hoc|iPhone
		Ad-Hoc|iPhoneSimulator = Ad-Hoc|iPhoneSimulator
		Ad-Hoc|Mixed Platforms = Ad-Hoc|Mixed Platforms
		Ad-Hoc|x86 = Ad-Hoc|x86
		AppStore|Any CPU = AppStore|Any CPU
		AppStore|ARM = AppStore|ARM
		AppStore|iPhone = AppStore|iPhone
		AppStore|iPhoneSimulator = AppStore|iPhoneSimulator
		AppStore|Mixed Platforms = AppStore|Mixed Platforms
		AppStore|x86 = AppStore|x86
		Debug|Any CPU = Debug|Any CPU
		Debug|ARM = Debug|ARM
		Debug|iPhone = Debug|iPhone
		Debug|iPhoneSimulator = Debug|iPhoneSimulator
		Debug|Mixed Platforms = Debug|Mixed Platforms
		Debug|x86 = Debug|x86
		Release|Any CPU = Release|Any CPU
		Release|ARM = Release|ARM
		Release|iPhone = Release|iPhone
		Release|iPhoneSimulator = Release|iPhoneSimulator
		Release|Mixed Platforms = Release|Mixed Platforms
		Release|x86 = Release|x86
	EndGlobalSection
	GlobalSection(ProjectConfigurationPlatforms) = postSolution
		{5F2832A9-C19C-4752-B64C-C2620325D7AE}.Ad-Hoc|Any CPU.ActiveCfg = Release|Any CPU
		{5F2832A9-C19C-4752-B64C-C2620325D7AE}.Ad-Hoc|Any CPU.Build.0 = Release|Any CPU
		{5F2832A9-C19C-4752-B64C-C2620325D7AE}.Ad-Hoc|ARM.ActiveCfg = Release|Any CPU
		{5F2832A9-C19C-4752-B64C-C2620325D7AE}.Ad-Hoc|iPhone.ActiveCfg = Release|Any CPU
		{5F2832A9-C19C-4752-B64C-C2620325D7AE}.Ad-Hoc|iPhoneSimulator.ActiveCfg = Release|Any CPU
		{5F2832A9-C19C-4752-B64C-C2620325D7AE}.Ad-Hoc|Mixed Platforms.ActiveCfg = Release|Any CPU
		{5F2832A9-C19C-4752-B64C-C2620325D7AE}.Ad-Hoc|Mixed Platforms.Build.0 = Release|Any CPU
		{5F2832A9-C19C-4752-B64C-C2620325D7AE}.Ad-Hoc|x86.ActiveCfg = Release|Any CPU
		{5F2832A9-C19C-4752-B64C-C2620325D7AE}.AppStore|Any CPU.ActiveCfg = Release|Any CPU
		{5F2832A9-C19C-4752-B64C-C2620325D7AE}.AppStore|Any CPU.Build.0 = Release|Any CPU
		{5F2832A9-C19C-4752-B64C-C2620325D7AE}.AppStore|ARM.ActiveCfg = Release|Any CPU
		{5F2832A9-C19C-4752-B64C-C2620325D7AE}.AppStore|iPhone.ActiveCfg = Release|Any CPU
		{5F2832A9-C19C-4752-B64C-C2620325D7AE}.AppStore|iPhoneSimulator.ActiveCfg = Release|Any CPU
		{5F2832A9-C19C-4752-B64C-C2620325D7AE}.AppStore|Mixed Platforms.ActiveCfg = Release|Any CPU
		{5F2832A9-C19C-4752-B64C-C2620325D7AE}.AppStore|Mixed Platforms.Build.0 = Release|Any CPU
		{5F2832A9-C19C-4752-B64C-C2620325D7AE}.AppStore|x86.ActiveCfg = Release|Any CPU
		{5F2832A9-C19C-4752-B64C-C2620325D7AE}.Debug|Any CPU.ActiveCfg = Debug|Any CPU
		{5F2832A9-C19C-4752-B64C-C2620325D7AE}.Debug|Any CPU.Build.0 = Debug|Any CPU
		{5F2832A9-C19C-4752-B64C-C2620325D7AE}.Debug|ARM.ActiveCfg = Debug|Any CPU
		{5F2832A9-C19C-4752-B64C-C2620325D7AE}.Debug|iPhone.ActiveCfg = Debug|Any CPU
		{5F2832A9-C19C-4752-B64C-C2620325D7AE}.Debug|iPhoneSimulator.ActiveCfg = Debug|Any CPU
		{5F2832A9-C19C-4752-B64C-C2620325D7AE}.Debug|iPhoneSimulator.Build.0 = Debug|Any CPU
		{5F2832A9-C19C-4752-B64C-C2620325D7AE}.Debug|Mixed Platforms.ActiveCfg = Debug|Any CPU
		{5F2832A9-C19C-4752-B64C-C2620325D7AE}.Debug|Mixed Platforms.Build.0 = Debug|Any CPU
		{5F2832A9-C19C-4752-B64C-C2620325D7AE}.Debug|x86.ActiveCfg = Debug|Any CPU
		{5F2832A9-C19C-4752-B64C-C2620325D7AE}.Release|Any CPU.ActiveCfg = Release|Any CPU
		{5F2832A9-C19C-4752-B64C-C2620325D7AE}.Release|Any CPU.Build.0 = Release|Any CPU
		{5F2832A9-C19C-4752-B64C-C2620325D7AE}.Release|ARM.ActiveCfg = Release|Any CPU
		{5F2832A9-C19C-4752-B64C-C2620325D7AE}.Release|iPhone.ActiveCfg = Release|Any CPU
		{5F2832A9-C19C-4752-B64C-C2620325D7AE}.Release|iPhoneSimulator.ActiveCfg = Release|Any CPU
		{5F2832A9-C19C-4752-B64C-C2620325D7AE}.Release|Mixed Platforms.ActiveCfg = Release|Any CPU
		{5F2832A9-C19C-4752-B64C-C2620325D7AE}.Release|Mixed Platforms.Build.0 = Release|Any CPU
		{5F2832A9-C19C-4752-B64C-C2620325D7AE}.Release|x86.ActiveCfg = Release|Any CPU
		{BAC2D315-D8E0-4F83-9790-D37036E6E02A}.Ad-Hoc|Any CPU.ActiveCfg = Ad-Hoc|iPhone
		{BAC2D315-D8E0-4F83-9790-D37036E6E02A}.Ad-Hoc|ARM.ActiveCfg = Ad-Hoc|iPhone
		{BAC2D315-D8E0-4F83-9790-D37036E6E02A}.Ad-Hoc|iPhone.ActiveCfg = Ad-Hoc|iPhone
		{BAC2D315-D8E0-4F83-9790-D37036E6E02A}.Ad-Hoc|iPhone.Build.0 = Ad-Hoc|iPhone
		{BAC2D315-D8E0-4F83-9790-D37036E6E02A}.Ad-Hoc|iPhoneSimulator.ActiveCfg = Ad-Hoc|iPhoneSimulator
		{BAC2D315-D8E0-4F83-9790-D37036E6E02A}.Ad-Hoc|iPhoneSimulator.Build.0 = Ad-Hoc|iPhoneSimulator
		{BAC2D315-D8E0-4F83-9790-D37036E6E02A}.Ad-Hoc|Mixed Platforms.ActiveCfg = Ad-Hoc|iPhone
		{BAC2D315-D8E0-4F83-9790-D37036E6E02A}.Ad-Hoc|Mixed Platforms.Build.0 = Ad-Hoc|iPhone
		{BAC2D315-D8E0-4F83-9790-D37036E6E02A}.Ad-Hoc|x86.ActiveCfg = Ad-Hoc|iPhone
		{BAC2D315-D8E0-4F83-9790-D37036E6E02A}.AppStore|Any CPU.ActiveCfg = AppStore|iPhone
		{BAC2D315-D8E0-4F83-9790-D37036E6E02A}.AppStore|ARM.ActiveCfg = AppStore|iPhone
		{BAC2D315-D8E0-4F83-9790-D37036E6E02A}.AppStore|iPhone.ActiveCfg = AppStore|iPhone
		{BAC2D315-D8E0-4F83-9790-D37036E6E02A}.AppStore|iPhone.Build.0 = AppStore|iPhone
		{BAC2D315-D8E0-4F83-9790-D37036E6E02A}.AppStore|iPhoneSimulator.ActiveCfg = AppStore|iPhoneSimulator
		{BAC2D315-D8E0-4F83-9790-D37036E6E02A}.AppStore|iPhoneSimulator.Build.0 = AppStore|iPhoneSimulator
		{BAC2D315-D8E0-4F83-9790-D37036E6E02A}.AppStore|Mixed Platforms.ActiveCfg = AppStore|iPhone
		{BAC2D315-D8E0-4F83-9790-D37036E6E02A}.AppStore|Mixed Platforms.Build.0 = AppStore|iPhone
		{BAC2D315-D8E0-4F83-9790-D37036E6E02A}.AppStore|x86.ActiveCfg = AppStore|iPhone
		{BAC2D315-D8E0-4F83-9790-D37036E6E02A}.Debug|Any CPU.ActiveCfg = Debug|iPhoneSimulator
		{BAC2D315-D8E0-4F83-9790-D37036E6E02A}.Debug|Any CPU.Build.0 = Debug|iPhoneSimulator
		{BAC2D315-D8E0-4F83-9790-D37036E6E02A}.Debug|ARM.ActiveCfg = Debug|iPhone
		{BAC2D315-D8E0-4F83-9790-D37036E6E02A}.Debug|iPhone.ActiveCfg = Debug|iPhone
		{BAC2D315-D8E0-4F83-9790-D37036E6E02A}.Debug|iPhone.Build.0 = Debug|iPhone
		{BAC2D315-D8E0-4F83-9790-D37036E6E02A}.Debug|iPhoneSimulator.ActiveCfg = Debug|iPhoneSimulator
		{BAC2D315-D8E0-4F83-9790-D37036E6E02A}.Debug|iPhoneSimulator.Build.0 = Debug|iPhoneSimulator
		{BAC2D315-D8E0-4F83-9790-D37036E6E02A}.Debug|Mixed Platforms.ActiveCfg = Debug|iPhone
		{BAC2D315-D8E0-4F83-9790-D37036E6E02A}.Debug|Mixed Platforms.Build.0 = Debug|iPhone
		{BAC2D315-D8E0-4F83-9790-D37036E6E02A}.Debug|x86.ActiveCfg = Debug|iPhone
		{BAC2D315-D8E0-4F83-9790-D37036E6E02A}.Release|Any CPU.ActiveCfg = Release|iPhoneSimulator
		{BAC2D315-D8E0-4F83-9790-D37036E6E02A}.Release|Any CPU.Build.0 = Release|iPhoneSimulator
		{BAC2D315-D8E0-4F83-9790-D37036E6E02A}.Release|ARM.ActiveCfg = Release|iPhone
		{BAC2D315-D8E0-4F83-9790-D37036E6E02A}.Release|iPhone.ActiveCfg = Release|iPhone
		{BAC2D315-D8E0-4F83-9790-D37036E6E02A}.Release|iPhone.Build.0 = Release|iPhone
		{BAC2D315-D8E0-4F83-9790-D37036E6E02A}.Release|iPhoneSimulator.ActiveCfg = Release|iPhoneSimulator
		{BAC2D315-D8E0-4F83-9790-D37036E6E02A}.Release|iPhoneSimulator.Build.0 = Release|iPhoneSimulator
		{BAC2D315-D8E0-4F83-9790-D37036E6E02A}.Release|Mixed Platforms.ActiveCfg = Release|iPhoneSimulator
		{BAC2D315-D8E0-4F83-9790-D37036E6E02A}.Release|Mixed Platforms.Build.0 = Release|iPhoneSimulator
		{BAC2D315-D8E0-4F83-9790-D37036E6E02A}.Release|x86.ActiveCfg = Release|iPhone
		{56BB1D56-E560-42CB-8B6F-9B10D1762010}.Ad-Hoc|Any CPU.ActiveCfg = Release|Any CPU
		{56BB1D56-E560-42CB-8B6F-9B10D1762010}.Ad-Hoc|Any CPU.Build.0 = Release|Any CPU
		{56BB1D56-E560-42CB-8B6F-9B10D1762010}.Ad-Hoc|Any CPU.Deploy.0 = Release|Any CPU
		{56BB1D56-E560-42CB-8B6F-9B10D1762010}.Ad-Hoc|ARM.ActiveCfg = Release|Any CPU
		{56BB1D56-E560-42CB-8B6F-9B10D1762010}.Ad-Hoc|iPhone.ActiveCfg = Release|Any CPU
		{56BB1D56-E560-42CB-8B6F-9B10D1762010}.Ad-Hoc|iPhoneSimulator.ActiveCfg = Release|Any CPU
		{56BB1D56-E560-42CB-8B6F-9B10D1762010}.Ad-Hoc|Mixed Platforms.ActiveCfg = Release|Any CPU
		{56BB1D56-E560-42CB-8B6F-9B10D1762010}.Ad-Hoc|Mixed Platforms.Build.0 = Release|Any CPU
		{56BB1D56-E560-42CB-8B6F-9B10D1762010}.Ad-Hoc|Mixed Platforms.Deploy.0 = Release|Any CPU
		{56BB1D56-E560-42CB-8B6F-9B10D1762010}.Ad-Hoc|x86.ActiveCfg = Release|Any CPU
		{56BB1D56-E560-42CB-8B6F-9B10D1762010}.AppStore|Any CPU.ActiveCfg = Release|Any CPU
		{56BB1D56-E560-42CB-8B6F-9B10D1762010}.AppStore|Any CPU.Build.0 = Release|Any CPU
		{56BB1D56-E560-42CB-8B6F-9B10D1762010}.AppStore|Any CPU.Deploy.0 = Release|Any CPU
		{56BB1D56-E560-42CB-8B6F-9B10D1762010}.AppStore|ARM.ActiveCfg = Release|Any CPU
		{56BB1D56-E560-42CB-8B6F-9B10D1762010}.AppStore|iPhone.ActiveCfg = Release|Any CPU
		{56BB1D56-E560-42CB-8B6F-9B10D1762010}.AppStore|iPhoneSimulator.ActiveCfg = Release|Any CPU
		{56BB1D56-E560-42CB-8B6F-9B10D1762010}.AppStore|Mixed Platforms.ActiveCfg = Release|Any CPU
		{56BB1D56-E560-42CB-8B6F-9B10D1762010}.AppStore|Mixed Platforms.Build.0 = Release|Any CPU
		{56BB1D56-E560-42CB-8B6F-9B10D1762010}.AppStore|Mixed Platforms.Deploy.0 = Release|Any CPU
		{56BB1D56-E560-42CB-8B6F-9B10D1762010}.AppStore|x86.ActiveCfg = Release|Any CPU
		{56BB1D56-E560-42CB-8B6F-9B10D1762010}.Debug|Any CPU.ActiveCfg = Debug|Any CPU
		{56BB1D56-E560-42CB-8B6F-9B10D1762010}.Debug|Any CPU.Build.0 = Debug|Any CPU
		{56BB1D56-E560-42CB-8B6F-9B10D1762010}.Debug|Any CPU.Deploy.0 = Debug|Any CPU
		{56BB1D56-E560-42CB-8B6F-9B10D1762010}.Debug|ARM.ActiveCfg = Debug|Any CPU
		{56BB1D56-E560-42CB-8B6F-9B10D1762010}.Debug|iPhone.ActiveCfg = Debug|Any CPU
		{56BB1D56-E560-42CB-8B6F-9B10D1762010}.Debug|iPhoneSimulator.ActiveCfg = Debug|Any CPU
		{56BB1D56-E560-42CB-8B6F-9B10D1762010}.Debug|Mixed Platforms.ActiveCfg = Debug|Any CPU
		{56BB1D56-E560-42CB-8B6F-9B10D1762010}.Debug|Mixed Platforms.Build.0 = Debug|Any CPU
		{56BB1D56-E560-42CB-8B6F-9B10D1762010}.Debug|Mixed Platforms.Deploy.0 = Debug|Any CPU
		{56BB1D56-E560-42CB-8B6F-9B10D1762010}.Debug|x86.ActiveCfg = Debug|Any CPU
		{56BB1D56-E560-42CB-8B6F-9B10D1762010}.Release|Any CPU.ActiveCfg = Release|Any CPU
		{56BB1D56-E560-42CB-8B6F-9B10D1762010}.Release|Any CPU.Build.0 = Release|Any CPU
		{56BB1D56-E560-42CB-8B6F-9B10D1762010}.Release|Any CPU.Deploy.0 = Release|Any CPU
		{56BB1D56-E560-42CB-8B6F-9B10D1762010}.Release|ARM.ActiveCfg = Release|Any CPU
		{56BB1D56-E560-42CB-8B6F-9B10D1762010}.Release|iPhone.ActiveCfg = Release|Any CPU
		{56BB1D56-E560-42CB-8B6F-9B10D1762010}.Release|iPhoneSimulator.ActiveCfg = Release|Any CPU
		{56BB1D56-E560-42CB-8B6F-9B10D1762010}.Release|Mixed Platforms.ActiveCfg = Release|Any CPU
		{56BB1D56-E560-42CB-8B6F-9B10D1762010}.Release|Mixed Platforms.Build.0 = Release|Any CPU
		{56BB1D56-E560-42CB-8B6F-9B10D1762010}.Release|Mixed Platforms.Deploy.0 = Release|Any CPU
		{56BB1D56-E560-42CB-8B6F-9B10D1762010}.Release|x86.ActiveCfg = Release|Any CPU
		{6051731A-B04A-4C5D-BFD9-BA73BCED2EB0}.Ad-Hoc|Any CPU.ActiveCfg = Release|Any CPU
		{6051731A-B04A-4C5D-BFD9-BA73BCED2EB0}.Ad-Hoc|Any CPU.Build.0 = Release|Any CPU
		{6051731A-B04A-4C5D-BFD9-BA73BCED2EB0}.Ad-Hoc|Any CPU.Deploy.0 = Release|Any CPU
		{6051731A-B04A-4C5D-BFD9-BA73BCED2EB0}.Ad-Hoc|ARM.ActiveCfg = Release|ARM
		{6051731A-B04A-4C5D-BFD9-BA73BCED2EB0}.Ad-Hoc|ARM.Build.0 = Release|ARM
		{6051731A-B04A-4C5D-BFD9-BA73BCED2EB0}.Ad-Hoc|ARM.Deploy.0 = Release|ARM
		{6051731A-B04A-4C5D-BFD9-BA73BCED2EB0}.Ad-Hoc|iPhone.ActiveCfg = Release|Any CPU
		{6051731A-B04A-4C5D-BFD9-BA73BCED2EB0}.Ad-Hoc|iPhoneSimulator.ActiveCfg = Release|Any CPU
		{6051731A-B04A-4C5D-BFD9-BA73BCED2EB0}.Ad-Hoc|Mixed Platforms.ActiveCfg = Release|x86
		{6051731A-B04A-4C5D-BFD9-BA73BCED2EB0}.Ad-Hoc|Mixed Platforms.Build.0 = Release|x86
		{6051731A-B04A-4C5D-BFD9-BA73BCED2EB0}.Ad-Hoc|Mixed Platforms.Deploy.0 = Release|x86
		{6051731A-B04A-4C5D-BFD9-BA73BCED2EB0}.Ad-Hoc|x86.ActiveCfg = Release|x86
		{6051731A-B04A-4C5D-BFD9-BA73BCED2EB0}.Ad-Hoc|x86.Build.0 = Release|x86
		{6051731A-B04A-4C5D-BFD9-BA73BCED2EB0}.Ad-Hoc|x86.Deploy.0 = Release|x86
		{6051731A-B04A-4C5D-BFD9-BA73BCED2EB0}.AppStore|Any CPU.ActiveCfg = Release|Any CPU
		{6051731A-B04A-4C5D-BFD9-BA73BCED2EB0}.AppStore|Any CPU.Build.0 = Release|Any CPU
		{6051731A-B04A-4C5D-BFD9-BA73BCED2EB0}.AppStore|Any CPU.Deploy.0 = Release|Any CPU
		{6051731A-B04A-4C5D-BFD9-BA73BCED2EB0}.AppStore|ARM.ActiveCfg = Release|ARM
		{6051731A-B04A-4C5D-BFD9-BA73BCED2EB0}.AppStore|ARM.Build.0 = Release|ARM
		{6051731A-B04A-4C5D-BFD9-BA73BCED2EB0}.AppStore|ARM.Deploy.0 = Release|ARM
		{6051731A-B04A-4C5D-BFD9-BA73BCED2EB0}.AppStore|iPhone.ActiveCfg = Release|Any CPU
		{6051731A-B04A-4C5D-BFD9-BA73BCED2EB0}.AppStore|iPhoneSimulator.ActiveCfg = Release|Any CPU
		{6051731A-B04A-4C5D-BFD9-BA73BCED2EB0}.AppStore|Mixed Platforms.ActiveCfg = Release|x86
		{6051731A-B04A-4C5D-BFD9-BA73BCED2EB0}.AppStore|Mixed Platforms.Build.0 = Release|x86
		{6051731A-B04A-4C5D-BFD9-BA73BCED2EB0}.AppStore|Mixed Platforms.Deploy.0 = Release|x86
		{6051731A-B04A-4C5D-BFD9-BA73BCED2EB0}.AppStore|x86.ActiveCfg = Release|x86
		{6051731A-B04A-4C5D-BFD9-BA73BCED2EB0}.AppStore|x86.Build.0 = Release|x86
		{6051731A-B04A-4C5D-BFD9-BA73BCED2EB0}.AppStore|x86.Deploy.0 = Release|x86
		{6051731A-B04A-4C5D-BFD9-BA73BCED2EB0}.Debug|Any CPU.ActiveCfg = Debug|Any CPU
		{6051731A-B04A-4C5D-BFD9-BA73BCED2EB0}.Debug|Any CPU.Build.0 = Debug|Any CPU
		{6051731A-B04A-4C5D-BFD9-BA73BCED2EB0}.Debug|Any CPU.Deploy.0 = Debug|Any CPU
		{6051731A-B04A-4C5D-BFD9-BA73BCED2EB0}.Debug|ARM.ActiveCfg = Debug|ARM
		{6051731A-B04A-4C5D-BFD9-BA73BCED2EB0}.Debug|ARM.Build.0 = Debug|ARM
		{6051731A-B04A-4C5D-BFD9-BA73BCED2EB0}.Debug|ARM.Deploy.0 = Debug|ARM
		{6051731A-B04A-4C5D-BFD9-BA73BCED2EB0}.Debug|iPhone.ActiveCfg = Debug|Any CPU
		{6051731A-B04A-4C5D-BFD9-BA73BCED2EB0}.Debug|iPhoneSimulator.ActiveCfg = Debug|Any CPU
		{6051731A-B04A-4C5D-BFD9-BA73BCED2EB0}.Debug|Mixed Platforms.ActiveCfg = Debug|Any CPU
		{6051731A-B04A-4C5D-BFD9-BA73BCED2EB0}.Debug|Mixed Platforms.Build.0 = Debug|Any CPU
		{6051731A-B04A-4C5D-BFD9-BA73BCED2EB0}.Debug|Mixed Platforms.Deploy.0 = Debug|Any CPU
		{6051731A-B04A-4C5D-BFD9-BA73BCED2EB0}.Debug|x86.ActiveCfg = Debug|x86
		{6051731A-B04A-4C5D-BFD9-BA73BCED2EB0}.Debug|x86.Build.0 = Debug|x86
		{6051731A-B04A-4C5D-BFD9-BA73BCED2EB0}.Debug|x86.Deploy.0 = Debug|x86
		{6051731A-B04A-4C5D-BFD9-BA73BCED2EB0}.Release|Any CPU.ActiveCfg = Release|Any CPU
		{6051731A-B04A-4C5D-BFD9-BA73BCED2EB0}.Release|Any CPU.Build.0 = Release|Any CPU
		{6051731A-B04A-4C5D-BFD9-BA73BCED2EB0}.Release|Any CPU.Deploy.0 = Release|Any CPU
		{6051731A-B04A-4C5D-BFD9-BA73BCED2EB0}.Release|ARM.ActiveCfg = Release|ARM
		{6051731A-B04A-4C5D-BFD9-BA73BCED2EB0}.Release|ARM.Build.0 = Release|ARM
		{6051731A-B04A-4C5D-BFD9-BA73BCED2EB0}.Release|ARM.Deploy.0 = Release|ARM
		{6051731A-B04A-4C5D-BFD9-BA73BCED2EB0}.Release|iPhone.ActiveCfg = Release|Any CPU
		{6051731A-B04A-4C5D-BFD9-BA73BCED2EB0}.Release|iPhoneSimulator.ActiveCfg = Release|Any CPU
		{6051731A-B04A-4C5D-BFD9-BA73BCED2EB0}.Release|Mixed Platforms.ActiveCfg = Release|Any CPU
		{6051731A-B04A-4C5D-BFD9-BA73BCED2EB0}.Release|Mixed Platforms.Build.0 = Release|Any CPU
		{6051731A-B04A-4C5D-BFD9-BA73BCED2EB0}.Release|Mixed Platforms.Deploy.0 = Release|Any CPU
		{6051731A-B04A-4C5D-BFD9-BA73BCED2EB0}.Release|x86.ActiveCfg = Release|x86
		{6051731A-B04A-4C5D-BFD9-BA73BCED2EB0}.Release|x86.Build.0 = Release|x86
		{6051731A-B04A-4C5D-BFD9-BA73BCED2EB0}.Release|x86.Deploy.0 = Release|x86
		{8E8461BB-E5BA-4D73-8B6C-B4B34F742CAD}.Ad-Hoc|Any CPU.ActiveCfg = Release|Any CPU
		{8E8461BB-E5BA-4D73-8B6C-B4B34F742CAD}.Ad-Hoc|Any CPU.Build.0 = Release|Any CPU
		{8E8461BB-E5BA-4D73-8B6C-B4B34F742CAD}.Ad-Hoc|ARM.ActiveCfg = Release|Any CPU
		{8E8461BB-E5BA-4D73-8B6C-B4B34F742CAD}.Ad-Hoc|iPhone.ActiveCfg = Release|Any CPU
		{8E8461BB-E5BA-4D73-8B6C-B4B34F742CAD}.Ad-Hoc|iPhoneSimulator.ActiveCfg = Release|Any CPU
		{8E8461BB-E5BA-4D73-8B6C-B4B34F742CAD}.Ad-Hoc|Mixed Platforms.ActiveCfg = Release|Any CPU
		{8E8461BB-E5BA-4D73-8B6C-B4B34F742CAD}.Ad-Hoc|Mixed Platforms.Build.0 = Release|Any CPU
		{8E8461BB-E5BA-4D73-8B6C-B4B34F742CAD}.Ad-Hoc|x86.ActiveCfg = Release|Any CPU
		{8E8461BB-E5BA-4D73-8B6C-B4B34F742CAD}.AppStore|Any CPU.ActiveCfg = Release|Any CPU
		{8E8461BB-E5BA-4D73-8B6C-B4B34F742CAD}.AppStore|Any CPU.Build.0 = Release|Any CPU
		{8E8461BB-E5BA-4D73-8B6C-B4B34F742CAD}.AppStore|ARM.ActiveCfg = Release|Any CPU
		{8E8461BB-E5BA-4D73-8B6C-B4B34F742CAD}.AppStore|iPhone.ActiveCfg = Release|Any CPU
		{8E8461BB-E5BA-4D73-8B6C-B4B34F742CAD}.AppStore|iPhoneSimulator.ActiveCfg = Release|Any CPU
		{8E8461BB-E5BA-4D73-8B6C-B4B34F742CAD}.AppStore|Mixed Platforms.ActiveCfg = Release|Any CPU
		{8E8461BB-E5BA-4D73-8B6C-B4B34F742CAD}.AppStore|Mixed Platforms.Build.0 = Release|Any CPU
		{8E8461BB-E5BA-4D73-8B6C-B4B34F742CAD}.AppStore|x86.ActiveCfg = Release|Any CPU
		{8E8461BB-E5BA-4D73-8B6C-B4B34F742CAD}.Debug|Any CPU.ActiveCfg = Debug|Any CPU
		{8E8461BB-E5BA-4D73-8B6C-B4B34F742CAD}.Debug|Any CPU.Build.0 = Debug|Any CPU
		{8E8461BB-E5BA-4D73-8B6C-B4B34F742CAD}.Debug|ARM.ActiveCfg = Debug|Any CPU
		{8E8461BB-E5BA-4D73-8B6C-B4B34F742CAD}.Debug|iPhone.ActiveCfg = Debug|Any CPU
		{8E8461BB-E5BA-4D73-8B6C-B4B34F742CAD}.Debug|iPhone.Build.0 = Debug|Any CPU
		{8E8461BB-E5BA-4D73-8B6C-B4B34F742CAD}.Debug|iPhoneSimulator.ActiveCfg = Debug|Any CPU
		{8E8461BB-E5BA-4D73-8B6C-B4B34F742CAD}.Debug|iPhoneSimulator.Build.0 = Debug|Any CPU
		{8E8461BB-E5BA-4D73-8B6C-B4B34F742CAD}.Debug|Mixed Platforms.ActiveCfg = Debug|Any CPU
		{8E8461BB-E5BA-4D73-8B6C-B4B34F742CAD}.Debug|Mixed Platforms.Build.0 = Debug|Any CPU
		{8E8461BB-E5BA-4D73-8B6C-B4B34F742CAD}.Debug|x86.ActiveCfg = Debug|Any CPU
		{8E8461BB-E5BA-4D73-8B6C-B4B34F742CAD}.Release|Any CPU.ActiveCfg = Release|Any CPU
		{8E8461BB-E5BA-4D73-8B6C-B4B34F742CAD}.Release|Any CPU.Build.0 = Release|Any CPU
		{8E8461BB-E5BA-4D73-8B6C-B4B34F742CAD}.Release|ARM.ActiveCfg = Release|Any CPU
		{8E8461BB-E5BA-4D73-8B6C-B4B34F742CAD}.Release|iPhone.ActiveCfg = Release|Any CPU
		{8E8461BB-E5BA-4D73-8B6C-B4B34F742CAD}.Release|iPhoneSimulator.ActiveCfg = Release|Any CPU
		{8E8461BB-E5BA-4D73-8B6C-B4B34F742CAD}.Release|Mixed Platforms.ActiveCfg = Release|Any CPU
		{8E8461BB-E5BA-4D73-8B6C-B4B34F742CAD}.Release|Mixed Platforms.Build.0 = Release|Any CPU
		{8E8461BB-E5BA-4D73-8B6C-B4B34F742CAD}.Release|x86.ActiveCfg = Release|Any CPU
		{71258D63-13CC-4B18-880E-23CC41BEF43B}.Ad-Hoc|Any CPU.ActiveCfg = Release|Any CPU
		{71258D63-13CC-4B18-880E-23CC41BEF43B}.Ad-Hoc|Any CPU.Build.0 = Release|Any CPU
		{71258D63-13CC-4B18-880E-23CC41BEF43B}.Ad-Hoc|ARM.ActiveCfg = Release|Any CPU
		{71258D63-13CC-4B18-880E-23CC41BEF43B}.Ad-Hoc|iPhone.ActiveCfg = Release|Any CPU
		{71258D63-13CC-4B18-880E-23CC41BEF43B}.Ad-Hoc|iPhoneSimulator.ActiveCfg = Release|Any CPU
		{71258D63-13CC-4B18-880E-23CC41BEF43B}.Ad-Hoc|Mixed Platforms.ActiveCfg = Release|Any CPU
		{71258D63-13CC-4B18-880E-23CC41BEF43B}.Ad-Hoc|Mixed Platforms.Build.0 = Release|Any CPU
		{71258D63-13CC-4B18-880E-23CC41BEF43B}.Ad-Hoc|x86.ActiveCfg = Release|Any CPU
		{71258D63-13CC-4B18-880E-23CC41BEF43B}.AppStore|Any CPU.ActiveCfg = Release|Any CPU
		{71258D63-13CC-4B18-880E-23CC41BEF43B}.AppStore|Any CPU.Build.0 = Release|Any CPU
		{71258D63-13CC-4B18-880E-23CC41BEF43B}.AppStore|ARM.ActiveCfg = Release|Any CPU
		{71258D63-13CC-4B18-880E-23CC41BEF43B}.AppStore|iPhone.ActiveCfg = Release|Any CPU
		{71258D63-13CC-4B18-880E-23CC41BEF43B}.AppStore|iPhoneSimulator.ActiveCfg = Release|Any CPU
		{71258D63-13CC-4B18-880E-23CC41BEF43B}.AppStore|Mixed Platforms.ActiveCfg = Release|Any CPU
		{71258D63-13CC-4B18-880E-23CC41BEF43B}.AppStore|Mixed Platforms.Build.0 = Release|Any CPU
		{71258D63-13CC-4B18-880E-23CC41BEF43B}.AppStore|x86.ActiveCfg = Release|Any CPU
		{71258D63-13CC-4B18-880E-23CC41BEF43B}.Debug|Any CPU.ActiveCfg = Debug|Any CPU
		{71258D63-13CC-4B18-880E-23CC41BEF43B}.Debug|Any CPU.Build.0 = Debug|Any CPU
		{71258D63-13CC-4B18-880E-23CC41BEF43B}.Debug|ARM.ActiveCfg = Debug|Any CPU
		{71258D63-13CC-4B18-880E-23CC41BEF43B}.Debug|iPhone.ActiveCfg = Debug|Any CPU
		{71258D63-13CC-4B18-880E-23CC41BEF43B}.Debug|iPhone.Build.0 = Debug|Any CPU
		{71258D63-13CC-4B18-880E-23CC41BEF43B}.Debug|iPhoneSimulator.ActiveCfg = Debug|Any CPU
		{71258D63-13CC-4B18-880E-23CC41BEF43B}.Debug|iPhoneSimulator.Build.0 = Debug|Any CPU
		{71258D63-13CC-4B18-880E-23CC41BEF43B}.Debug|Mixed Platforms.ActiveCfg = Debug|Any CPU
		{71258D63-13CC-4B18-880E-23CC41BEF43B}.Debug|Mixed Platforms.Build.0 = Debug|Any CPU
		{71258D63-13CC-4B18-880E-23CC41BEF43B}.Debug|x86.ActiveCfg = Debug|Any CPU
		{71258D63-13CC-4B18-880E-23CC41BEF43B}.Release|Any CPU.ActiveCfg = Release|Any CPU
		{71258D63-13CC-4B18-880E-23CC41BEF43B}.Release|Any CPU.Build.0 = Release|Any CPU
		{71258D63-13CC-4B18-880E-23CC41BEF43B}.Release|ARM.ActiveCfg = Release|Any CPU
		{71258D63-13CC-4B18-880E-23CC41BEF43B}.Release|iPhone.ActiveCfg = Release|Any CPU
		{71258D63-13CC-4B18-880E-23CC41BEF43B}.Release|iPhoneSimulator.ActiveCfg = Release|Any CPU
		{71258D63-13CC-4B18-880E-23CC41BEF43B}.Release|Mixed Platforms.ActiveCfg = Release|Any CPU
		{71258D63-13CC-4B18-880E-23CC41BEF43B}.Release|Mixed Platforms.Build.0 = Release|Any CPU
		{71258D63-13CC-4B18-880E-23CC41BEF43B}.Release|x86.ActiveCfg = Release|Any CPU
		{67F9D3A8-F71E-4428-913F-C37AE82CDB24}.Ad-Hoc|Any CPU.ActiveCfg = Release|Any CPU
		{67F9D3A8-F71E-4428-913F-C37AE82CDB24}.Ad-Hoc|Any CPU.Build.0 = Release|Any CPU
		{67F9D3A8-F71E-4428-913F-C37AE82CDB24}.Ad-Hoc|ARM.ActiveCfg = Release|Any CPU
		{67F9D3A8-F71E-4428-913F-C37AE82CDB24}.Ad-Hoc|iPhone.ActiveCfg = Release|Any CPU
		{67F9D3A8-F71E-4428-913F-C37AE82CDB24}.Ad-Hoc|iPhoneSimulator.ActiveCfg = Release|Any CPU
		{67F9D3A8-F71E-4428-913F-C37AE82CDB24}.Ad-Hoc|Mixed Platforms.ActiveCfg = Release|Any CPU
		{67F9D3A8-F71E-4428-913F-C37AE82CDB24}.Ad-Hoc|Mixed Platforms.Build.0 = Release|Any CPU
		{67F9D3A8-F71E-4428-913F-C37AE82CDB24}.Ad-Hoc|x86.ActiveCfg = Release|Any CPU
		{67F9D3A8-F71E-4428-913F-C37AE82CDB24}.AppStore|Any CPU.ActiveCfg = Release|Any CPU
		{67F9D3A8-F71E-4428-913F-C37AE82CDB24}.AppStore|Any CPU.Build.0 = Release|Any CPU
		{67F9D3A8-F71E-4428-913F-C37AE82CDB24}.AppStore|ARM.ActiveCfg = Release|Any CPU
		{67F9D3A8-F71E-4428-913F-C37AE82CDB24}.AppStore|iPhone.ActiveCfg = Release|Any CPU
		{67F9D3A8-F71E-4428-913F-C37AE82CDB24}.AppStore|iPhoneSimulator.ActiveCfg = Release|Any CPU
		{67F9D3A8-F71E-4428-913F-C37AE82CDB24}.AppStore|Mixed Platforms.ActiveCfg = Release|Any CPU
		{67F9D3A8-F71E-4428-913F-C37AE82CDB24}.AppStore|Mixed Platforms.Build.0 = Release|Any CPU
		{67F9D3A8-F71E-4428-913F-C37AE82CDB24}.AppStore|x86.ActiveCfg = Release|Any CPU
		{67F9D3A8-F71E-4428-913F-C37AE82CDB24}.Debug|Any CPU.ActiveCfg = Debug|Any CPU
		{67F9D3A8-F71E-4428-913F-C37AE82CDB24}.Debug|Any CPU.Build.0 = Debug|Any CPU
		{67F9D3A8-F71E-4428-913F-C37AE82CDB24}.Debug|ARM.ActiveCfg = Debug|Any CPU
		{67F9D3A8-F71E-4428-913F-C37AE82CDB24}.Debug|iPhone.ActiveCfg = Debug|Any CPU
		{67F9D3A8-F71E-4428-913F-C37AE82CDB24}.Debug|iPhone.Build.0 = Debug|Any CPU
		{67F9D3A8-F71E-4428-913F-C37AE82CDB24}.Debug|iPhoneSimulator.ActiveCfg = Debug|Any CPU
		{67F9D3A8-F71E-4428-913F-C37AE82CDB24}.Debug|iPhoneSimulator.Build.0 = Debug|Any CPU
		{67F9D3A8-F71E-4428-913F-C37AE82CDB24}.Debug|Mixed Platforms.ActiveCfg = Debug|Any CPU
		{67F9D3A8-F71E-4428-913F-C37AE82CDB24}.Debug|Mixed Platforms.Build.0 = Debug|Any CPU
		{67F9D3A8-F71E-4428-913F-C37AE82CDB24}.Debug|x86.ActiveCfg = Debug|Any CPU
		{67F9D3A8-F71E-4428-913F-C37AE82CDB24}.Release|Any CPU.ActiveCfg = Release|Any CPU
		{67F9D3A8-F71E-4428-913F-C37AE82CDB24}.Release|Any CPU.Build.0 = Release|Any CPU
		{67F9D3A8-F71E-4428-913F-C37AE82CDB24}.Release|ARM.ActiveCfg = Release|Any CPU
		{67F9D3A8-F71E-4428-913F-C37AE82CDB24}.Release|iPhone.ActiveCfg = Release|Any CPU
		{67F9D3A8-F71E-4428-913F-C37AE82CDB24}.Release|iPhoneSimulator.ActiveCfg = Release|Any CPU
		{67F9D3A8-F71E-4428-913F-C37AE82CDB24}.Release|Mixed Platforms.ActiveCfg = Release|Any CPU
		{67F9D3A8-F71E-4428-913F-C37AE82CDB24}.Release|Mixed Platforms.Build.0 = Release|Any CPU
		{67F9D3A8-F71E-4428-913F-C37AE82CDB24}.Release|x86.ActiveCfg = Release|Any CPU
		{8A431C04-1A59-47BE-99EB-0665A514B244}.Ad-Hoc|Any CPU.ActiveCfg = Release|Any CPU
		{8A431C04-1A59-47BE-99EB-0665A514B244}.Ad-Hoc|Any CPU.Build.0 = Release|Any CPU
		{8A431C04-1A59-47BE-99EB-0665A514B244}.Ad-Hoc|ARM.ActiveCfg = Release|Any CPU
		{8A431C04-1A59-47BE-99EB-0665A514B244}.Ad-Hoc|iPhone.ActiveCfg = Release|Any CPU
		{8A431C04-1A59-47BE-99EB-0665A514B244}.Ad-Hoc|iPhoneSimulator.ActiveCfg = Release|Any CPU
		{8A431C04-1A59-47BE-99EB-0665A514B244}.Ad-Hoc|Mixed Platforms.ActiveCfg = Release|Any CPU
		{8A431C04-1A59-47BE-99EB-0665A514B244}.Ad-Hoc|Mixed Platforms.Build.0 = Release|Any CPU
		{8A431C04-1A59-47BE-99EB-0665A514B244}.Ad-Hoc|x86.ActiveCfg = Release|Any CPU
		{8A431C04-1A59-47BE-99EB-0665A514B244}.AppStore|Any CPU.ActiveCfg = Release|Any CPU
		{8A431C04-1A59-47BE-99EB-0665A514B244}.AppStore|Any CPU.Build.0 = Release|Any CPU
		{8A431C04-1A59-47BE-99EB-0665A514B244}.AppStore|ARM.ActiveCfg = Release|Any CPU
		{8A431C04-1A59-47BE-99EB-0665A514B244}.AppStore|iPhone.ActiveCfg = Release|Any CPU
		{8A431C04-1A59-47BE-99EB-0665A514B244}.AppStore|iPhoneSimulator.ActiveCfg = Release|Any CPU
		{8A431C04-1A59-47BE-99EB-0665A514B244}.AppStore|Mixed Platforms.ActiveCfg = Release|Any CPU
		{8A431C04-1A59-47BE-99EB-0665A514B244}.AppStore|Mixed Platforms.Build.0 = Release|Any CPU
		{8A431C04-1A59-47BE-99EB-0665A514B244}.AppStore|x86.ActiveCfg = Release|Any CPU
		{8A431C04-1A59-47BE-99EB-0665A514B244}.Debug|Any CPU.ActiveCfg = Debug|Any CPU
		{8A431C04-1A59-47BE-99EB-0665A514B244}.Debug|Any CPU.Build.0 = Debug|Any CPU
		{8A431C04-1A59-47BE-99EB-0665A514B244}.Debug|ARM.ActiveCfg = Debug|Any CPU
		{8A431C04-1A59-47BE-99EB-0665A514B244}.Debug|iPhone.ActiveCfg = Debug|Any CPU
		{8A431C04-1A59-47BE-99EB-0665A514B244}.Debug|iPhoneSimulator.ActiveCfg = Debug|Any CPU
		{8A431C04-1A59-47BE-99EB-0665A514B244}.Debug|iPhoneSimulator.Build.0 = Debug|Any CPU
		{8A431C04-1A59-47BE-99EB-0665A514B244}.Debug|Mixed Platforms.ActiveCfg = Debug|Any CPU
		{8A431C04-1A59-47BE-99EB-0665A514B244}.Debug|Mixed Platforms.Build.0 = Debug|Any CPU
		{8A431C04-1A59-47BE-99EB-0665A514B244}.Debug|x86.ActiveCfg = Debug|Any CPU
		{8A431C04-1A59-47BE-99EB-0665A514B244}.Release|Any CPU.ActiveCfg = Release|Any CPU
		{8A431C04-1A59-47BE-99EB-0665A514B244}.Release|Any CPU.Build.0 = Release|Any CPU
		{8A431C04-1A59-47BE-99EB-0665A514B244}.Release|ARM.ActiveCfg = Release|Any CPU
		{8A431C04-1A59-47BE-99EB-0665A514B244}.Release|iPhone.ActiveCfg = Release|Any CPU
		{8A431C04-1A59-47BE-99EB-0665A514B244}.Release|iPhoneSimulator.ActiveCfg = Release|Any CPU
		{8A431C04-1A59-47BE-99EB-0665A514B244}.Release|Mixed Platforms.ActiveCfg = Release|Any CPU
		{8A431C04-1A59-47BE-99EB-0665A514B244}.Release|Mixed Platforms.Build.0 = Release|Any CPU
		{8A431C04-1A59-47BE-99EB-0665A514B244}.Release|x86.ActiveCfg = Release|Any CPU
		{89098A57-2169-401E-82C6-5BF811BA1676}.Ad-Hoc|Any CPU.ActiveCfg = Release|Any CPU
		{89098A57-2169-401E-82C6-5BF811BA1676}.Ad-Hoc|Any CPU.Build.0 = Release|Any CPU
		{89098A57-2169-401E-82C6-5BF811BA1676}.Ad-Hoc|ARM.ActiveCfg = Release|ARM
		{89098A57-2169-401E-82C6-5BF811BA1676}.Ad-Hoc|ARM.Build.0 = Release|ARM
		{89098A57-2169-401E-82C6-5BF811BA1676}.Ad-Hoc|iPhone.ActiveCfg = Release|Any CPU
		{89098A57-2169-401E-82C6-5BF811BA1676}.Ad-Hoc|iPhoneSimulator.ActiveCfg = Release|Any CPU
		{89098A57-2169-401E-82C6-5BF811BA1676}.Ad-Hoc|Mixed Platforms.ActiveCfg = Release|x86
		{89098A57-2169-401E-82C6-5BF811BA1676}.Ad-Hoc|Mixed Platforms.Build.0 = Release|x86
		{89098A57-2169-401E-82C6-5BF811BA1676}.Ad-Hoc|x86.ActiveCfg = Release|x86
		{89098A57-2169-401E-82C6-5BF811BA1676}.Ad-Hoc|x86.Build.0 = Release|x86
		{89098A57-2169-401E-82C6-5BF811BA1676}.AppStore|Any CPU.ActiveCfg = Release|Any CPU
		{89098A57-2169-401E-82C6-5BF811BA1676}.AppStore|Any CPU.Build.0 = Release|Any CPU
		{89098A57-2169-401E-82C6-5BF811BA1676}.AppStore|ARM.ActiveCfg = Release|ARM
		{89098A57-2169-401E-82C6-5BF811BA1676}.AppStore|ARM.Build.0 = Release|ARM
		{89098A57-2169-401E-82C6-5BF811BA1676}.AppStore|iPhone.ActiveCfg = Release|Any CPU
		{89098A57-2169-401E-82C6-5BF811BA1676}.AppStore|iPhoneSimulator.ActiveCfg = Release|Any CPU
		{89098A57-2169-401E-82C6-5BF811BA1676}.AppStore|Mixed Platforms.ActiveCfg = Release|x86
		{89098A57-2169-401E-82C6-5BF811BA1676}.AppStore|Mixed Platforms.Build.0 = Release|x86
		{89098A57-2169-401E-82C6-5BF811BA1676}.AppStore|x86.ActiveCfg = Release|x86
		{89098A57-2169-401E-82C6-5BF811BA1676}.AppStore|x86.Build.0 = Release|x86
		{89098A57-2169-401E-82C6-5BF811BA1676}.Debug|Any CPU.ActiveCfg = Debug|Any CPU
		{89098A57-2169-401E-82C6-5BF811BA1676}.Debug|Any CPU.Build.0 = Debug|Any CPU
		{89098A57-2169-401E-82C6-5BF811BA1676}.Debug|ARM.ActiveCfg = Debug|ARM
		{89098A57-2169-401E-82C6-5BF811BA1676}.Debug|ARM.Build.0 = Debug|ARM
		{89098A57-2169-401E-82C6-5BF811BA1676}.Debug|iPhone.ActiveCfg = Debug|Any CPU
		{89098A57-2169-401E-82C6-5BF811BA1676}.Debug|iPhoneSimulator.ActiveCfg = Debug|Any CPU
		{89098A57-2169-401E-82C6-5BF811BA1676}.Debug|Mixed Platforms.ActiveCfg = Debug|Any CPU
		{89098A57-2169-401E-82C6-5BF811BA1676}.Debug|Mixed Platforms.Build.0 = Debug|Any CPU
		{89098A57-2169-401E-82C6-5BF811BA1676}.Debug|x86.ActiveCfg = Debug|x86
		{89098A57-2169-401E-82C6-5BF811BA1676}.Debug|x86.Build.0 = Debug|x86
		{89098A57-2169-401E-82C6-5BF811BA1676}.Release|Any CPU.ActiveCfg = Release|Any CPU
		{89098A57-2169-401E-82C6-5BF811BA1676}.Release|Any CPU.Build.0 = Release|Any CPU
		{89098A57-2169-401E-82C6-5BF811BA1676}.Release|ARM.ActiveCfg = Release|ARM
		{89098A57-2169-401E-82C6-5BF811BA1676}.Release|ARM.Build.0 = Release|ARM
		{89098A57-2169-401E-82C6-5BF811BA1676}.Release|iPhone.ActiveCfg = Release|Any CPU
		{89098A57-2169-401E-82C6-5BF811BA1676}.Release|iPhoneSimulator.ActiveCfg = Release|Any CPU
		{89098A57-2169-401E-82C6-5BF811BA1676}.Release|Mixed Platforms.ActiveCfg = Release|Any CPU
		{89098A57-2169-401E-82C6-5BF811BA1676}.Release|Mixed Platforms.Build.0 = Release|Any CPU
		{89098A57-2169-401E-82C6-5BF811BA1676}.Release|x86.ActiveCfg = Release|x86
		{89098A57-2169-401E-82C6-5BF811BA1676}.Release|x86.Build.0 = Release|x86
		{8386B494-0565-4CC4-AEE6-E32F88CAD598}.Ad-Hoc|Any CPU.ActiveCfg = Release|Any CPU
		{8386B494-0565-4CC4-AEE6-E32F88CAD598}.Ad-Hoc|Any CPU.Build.0 = Release|Any CPU
		{8386B494-0565-4CC4-AEE6-E32F88CAD598}.Ad-Hoc|ARM.ActiveCfg = Release|Any CPU
		{8386B494-0565-4CC4-AEE6-E32F88CAD598}.Ad-Hoc|iPhone.ActiveCfg = Release|Any CPU
		{8386B494-0565-4CC4-AEE6-E32F88CAD598}.Ad-Hoc|iPhoneSimulator.ActiveCfg = Release|Any CPU
		{8386B494-0565-4CC4-AEE6-E32F88CAD598}.Ad-Hoc|Mixed Platforms.ActiveCfg = Release|Any CPU
		{8386B494-0565-4CC4-AEE6-E32F88CAD598}.Ad-Hoc|Mixed Platforms.Build.0 = Release|Any CPU
		{8386B494-0565-4CC4-AEE6-E32F88CAD598}.Ad-Hoc|x86.ActiveCfg = Release|Any CPU
		{8386B494-0565-4CC4-AEE6-E32F88CAD598}.AppStore|Any CPU.ActiveCfg = Release|Any CPU
		{8386B494-0565-4CC4-AEE6-E32F88CAD598}.AppStore|Any CPU.Build.0 = Release|Any CPU
		{8386B494-0565-4CC4-AEE6-E32F88CAD598}.AppStore|ARM.ActiveCfg = Release|Any CPU
		{8386B494-0565-4CC4-AEE6-E32F88CAD598}.AppStore|iPhone.ActiveCfg = Release|Any CPU
		{8386B494-0565-4CC4-AEE6-E32F88CAD598}.AppStore|iPhoneSimulator.ActiveCfg = Release|Any CPU
		{8386B494-0565-4CC4-AEE6-E32F88CAD598}.AppStore|Mixed Platforms.ActiveCfg = Release|Any CPU
		{8386B494-0565-4CC4-AEE6-E32F88CAD598}.AppStore|Mixed Platforms.Build.0 = Release|Any CPU
		{8386B494-0565-4CC4-AEE6-E32F88CAD598}.AppStore|x86.ActiveCfg = Release|Any CPU
		{8386B494-0565-4CC4-AEE6-E32F88CAD598}.Debug|Any CPU.ActiveCfg = Debug|Any CPU
		{8386B494-0565-4CC4-AEE6-E32F88CAD598}.Debug|Any CPU.Build.0 = Debug|Any CPU
		{8386B494-0565-4CC4-AEE6-E32F88CAD598}.Debug|ARM.ActiveCfg = Debug|Any CPU
		{8386B494-0565-4CC4-AEE6-E32F88CAD598}.Debug|iPhone.ActiveCfg = Debug|Any CPU
		{8386B494-0565-4CC4-AEE6-E32F88CAD598}.Debug|iPhoneSimulator.ActiveCfg = Debug|Any CPU
		{8386B494-0565-4CC4-AEE6-E32F88CAD598}.Debug|Mixed Platforms.ActiveCfg = Debug|Any CPU
		{8386B494-0565-4CC4-AEE6-E32F88CAD598}.Debug|Mixed Platforms.Build.0 = Debug|Any CPU
		{8386B494-0565-4CC4-AEE6-E32F88CAD598}.Debug|x86.ActiveCfg = Debug|Any CPU
		{8386B494-0565-4CC4-AEE6-E32F88CAD598}.Release|Any CPU.ActiveCfg = Release|Any CPU
		{8386B494-0565-4CC4-AEE6-E32F88CAD598}.Release|Any CPU.Build.0 = Release|Any CPU
		{8386B494-0565-4CC4-AEE6-E32F88CAD598}.Release|ARM.ActiveCfg = Release|Any CPU
		{8386B494-0565-4CC4-AEE6-E32F88CAD598}.Release|iPhone.ActiveCfg = Release|Any CPU
		{8386B494-0565-4CC4-AEE6-E32F88CAD598}.Release|iPhoneSimulator.ActiveCfg = Release|Any CPU
		{8386B494-0565-4CC4-AEE6-E32F88CAD598}.Release|Mixed Platforms.ActiveCfg = Release|Any CPU
		{8386B494-0565-4CC4-AEE6-E32F88CAD598}.Release|Mixed Platforms.Build.0 = Release|Any CPU
		{8386B494-0565-4CC4-AEE6-E32F88CAD598}.Release|x86.ActiveCfg = Release|Any CPU
		{A3F16736-55CE-4F27-904B-C7C378A9800D}.Ad-Hoc|Any CPU.ActiveCfg = Release|Any CPU
		{A3F16736-55CE-4F27-904B-C7C378A9800D}.Ad-Hoc|Any CPU.Build.0 = Release|Any CPU
		{A3F16736-55CE-4F27-904B-C7C378A9800D}.Ad-Hoc|ARM.ActiveCfg = Release|Any CPU
		{A3F16736-55CE-4F27-904B-C7C378A9800D}.Ad-Hoc|iPhone.ActiveCfg = Release|Any CPU
		{A3F16736-55CE-4F27-904B-C7C378A9800D}.Ad-Hoc|iPhoneSimulator.ActiveCfg = Release|Any CPU
		{A3F16736-55CE-4F27-904B-C7C378A9800D}.Ad-Hoc|Mixed Platforms.ActiveCfg = Release|Any CPU
		{A3F16736-55CE-4F27-904B-C7C378A9800D}.Ad-Hoc|Mixed Platforms.Build.0 = Release|Any CPU
		{A3F16736-55CE-4F27-904B-C7C378A9800D}.Ad-Hoc|x86.ActiveCfg = Release|Any CPU
		{A3F16736-55CE-4F27-904B-C7C378A9800D}.AppStore|Any CPU.ActiveCfg = Release|Any CPU
		{A3F16736-55CE-4F27-904B-C7C378A9800D}.AppStore|Any CPU.Build.0 = Release|Any CPU
		{A3F16736-55CE-4F27-904B-C7C378A9800D}.AppStore|ARM.ActiveCfg = Release|Any CPU
		{A3F16736-55CE-4F27-904B-C7C378A9800D}.AppStore|iPhone.ActiveCfg = Release|Any CPU
		{A3F16736-55CE-4F27-904B-C7C378A9800D}.AppStore|iPhoneSimulator.ActiveCfg = Release|Any CPU
		{A3F16736-55CE-4F27-904B-C7C378A9800D}.AppStore|Mixed Platforms.ActiveCfg = Release|Any CPU
		{A3F16736-55CE-4F27-904B-C7C378A9800D}.AppStore|Mixed Platforms.Build.0 = Release|Any CPU
		{A3F16736-55CE-4F27-904B-C7C378A9800D}.AppStore|x86.ActiveCfg = Release|Any CPU
		{A3F16736-55CE-4F27-904B-C7C378A9800D}.Debug|Any CPU.ActiveCfg = Debug|Any CPU
		{A3F16736-55CE-4F27-904B-C7C378A9800D}.Debug|Any CPU.Build.0 = Debug|Any CPU
		{A3F16736-55CE-4F27-904B-C7C378A9800D}.Debug|ARM.ActiveCfg = Debug|Any CPU
		{A3F16736-55CE-4F27-904B-C7C378A9800D}.Debug|iPhone.ActiveCfg = Debug|Any CPU
		{A3F16736-55CE-4F27-904B-C7C378A9800D}.Debug|iPhoneSimulator.ActiveCfg = Debug|Any CPU
		{A3F16736-55CE-4F27-904B-C7C378A9800D}.Debug|Mixed Platforms.ActiveCfg = Debug|Any CPU
		{A3F16736-55CE-4F27-904B-C7C378A9800D}.Debug|Mixed Platforms.Build.0 = Debug|Any CPU
		{A3F16736-55CE-4F27-904B-C7C378A9800D}.Debug|x86.ActiveCfg = Debug|Any CPU
		{A3F16736-55CE-4F27-904B-C7C378A9800D}.Release|Any CPU.ActiveCfg = Release|Any CPU
		{A3F16736-55CE-4F27-904B-C7C378A9800D}.Release|Any CPU.Build.0 = Release|Any CPU
		{A3F16736-55CE-4F27-904B-C7C378A9800D}.Release|ARM.ActiveCfg = Release|Any CPU
		{A3F16736-55CE-4F27-904B-C7C378A9800D}.Release|iPhone.ActiveCfg = Release|Any CPU
		{A3F16736-55CE-4F27-904B-C7C378A9800D}.Release|iPhoneSimulator.ActiveCfg = Release|Any CPU
		{A3F16736-55CE-4F27-904B-C7C378A9800D}.Release|Mixed Platforms.ActiveCfg = Release|Any CPU
		{A3F16736-55CE-4F27-904B-C7C378A9800D}.Release|Mixed Platforms.Build.0 = Release|Any CPU
		{A3F16736-55CE-4F27-904B-C7C378A9800D}.Release|x86.ActiveCfg = Release|Any CPU
		{6C0D61FD-9B4B-4305-8913-002673DE9E4F}.Ad-Hoc|Any CPU.ActiveCfg = Release|Any CPU
		{6C0D61FD-9B4B-4305-8913-002673DE9E4F}.Ad-Hoc|Any CPU.Build.0 = Release|Any CPU
		{6C0D61FD-9B4B-4305-8913-002673DE9E4F}.Ad-Hoc|ARM.ActiveCfg = Release|Any CPU
		{6C0D61FD-9B4B-4305-8913-002673DE9E4F}.Ad-Hoc|iPhone.ActiveCfg = Release|Any CPU
		{6C0D61FD-9B4B-4305-8913-002673DE9E4F}.Ad-Hoc|iPhoneSimulator.ActiveCfg = Release|Any CPU
		{6C0D61FD-9B4B-4305-8913-002673DE9E4F}.Ad-Hoc|Mixed Platforms.ActiveCfg = Release|Any CPU
		{6C0D61FD-9B4B-4305-8913-002673DE9E4F}.Ad-Hoc|Mixed Platforms.Build.0 = Release|Any CPU
		{6C0D61FD-9B4B-4305-8913-002673DE9E4F}.Ad-Hoc|x86.ActiveCfg = Release|Any CPU
		{6C0D61FD-9B4B-4305-8913-002673DE9E4F}.AppStore|Any CPU.ActiveCfg = Release|Any CPU
		{6C0D61FD-9B4B-4305-8913-002673DE9E4F}.AppStore|Any CPU.Build.0 = Release|Any CPU
		{6C0D61FD-9B4B-4305-8913-002673DE9E4F}.AppStore|ARM.ActiveCfg = Release|Any CPU
		{6C0D61FD-9B4B-4305-8913-002673DE9E4F}.AppStore|iPhone.ActiveCfg = Release|Any CPU
		{6C0D61FD-9B4B-4305-8913-002673DE9E4F}.AppStore|iPhoneSimulator.ActiveCfg = Release|Any CPU
		{6C0D61FD-9B4B-4305-8913-002673DE9E4F}.AppStore|Mixed Platforms.ActiveCfg = Release|Any CPU
		{6C0D61FD-9B4B-4305-8913-002673DE9E4F}.AppStore|Mixed Platforms.Build.0 = Release|Any CPU
		{6C0D61FD-9B4B-4305-8913-002673DE9E4F}.AppStore|x86.ActiveCfg = Release|Any CPU
		{6C0D61FD-9B4B-4305-8913-002673DE9E4F}.Debug|Any CPU.ActiveCfg = Debug|Any CPU
		{6C0D61FD-9B4B-4305-8913-002673DE9E4F}.Debug|Any CPU.Build.0 = Debug|Any CPU
		{6C0D61FD-9B4B-4305-8913-002673DE9E4F}.Debug|ARM.ActiveCfg = Debug|Any CPU
		{6C0D61FD-9B4B-4305-8913-002673DE9E4F}.Debug|iPhone.ActiveCfg = Debug|Any CPU
		{6C0D61FD-9B4B-4305-8913-002673DE9E4F}.Debug|iPhone.Build.0 = Debug|Any CPU
		{6C0D61FD-9B4B-4305-8913-002673DE9E4F}.Debug|iPhoneSimulator.ActiveCfg = Debug|Any CPU
		{6C0D61FD-9B4B-4305-8913-002673DE9E4F}.Debug|iPhoneSimulator.Build.0 = Debug|Any CPU
		{6C0D61FD-9B4B-4305-8913-002673DE9E4F}.Debug|Mixed Platforms.ActiveCfg = Debug|Any CPU
		{6C0D61FD-9B4B-4305-8913-002673DE9E4F}.Debug|Mixed Platforms.Build.0 = Debug|Any CPU
		{6C0D61FD-9B4B-4305-8913-002673DE9E4F}.Debug|x86.ActiveCfg = Debug|Any CPU
		{6C0D61FD-9B4B-4305-8913-002673DE9E4F}.Release|Any CPU.ActiveCfg = Release|Any CPU
		{6C0D61FD-9B4B-4305-8913-002673DE9E4F}.Release|Any CPU.Build.0 = Release|Any CPU
		{6C0D61FD-9B4B-4305-8913-002673DE9E4F}.Release|ARM.ActiveCfg = Release|Any CPU
		{6C0D61FD-9B4B-4305-8913-002673DE9E4F}.Release|iPhone.ActiveCfg = Release|Any CPU
		{6C0D61FD-9B4B-4305-8913-002673DE9E4F}.Release|iPhoneSimulator.ActiveCfg = Release|Any CPU
		{6C0D61FD-9B4B-4305-8913-002673DE9E4F}.Release|Mixed Platforms.ActiveCfg = Release|Any CPU
		{6C0D61FD-9B4B-4305-8913-002673DE9E4F}.Release|Mixed Platforms.Build.0 = Release|Any CPU
		{6C0D61FD-9B4B-4305-8913-002673DE9E4F}.Release|x86.ActiveCfg = Release|Any CPU
	EndGlobalSection
	GlobalSection(SolutionProperties) = preSolution
		HideSolutionNode = FALSE
	EndGlobalSection
	GlobalSection(NestedProjects) = preSolution
		{8E8461BB-E5BA-4D73-8B6C-B4B34F742CAD} = {E58D7E65-A465-41E2-82D9-1D79DE2AFD47}
		{71258D63-13CC-4B18-880E-23CC41BEF43B} = {E58D7E65-A465-41E2-82D9-1D79DE2AFD47}
		{67F9D3A8-F71E-4428-913F-C37AE82CDB24} = {E58D7E65-A465-41E2-82D9-1D79DE2AFD47}
		{8A431C04-1A59-47BE-99EB-0665A514B244} = {E58D7E65-A465-41E2-82D9-1D79DE2AFD47}
		{89098A57-2169-401E-82C6-5BF811BA1676} = {E58D7E65-A465-41E2-82D9-1D79DE2AFD47}
		{8386B494-0565-4CC4-AEE6-E32F88CAD598} = {E58D7E65-A465-41E2-82D9-1D79DE2AFD47}
		{7249347A-5DE1-4574-9F1B-3B8F12CF9B73} = {B12ED410-1E10-4C58-94BC-D627B8590450}
		{2EA7B051-FD1D-4E22-B1C6-1452FCBA1C1E} = {B12ED410-1E10-4C58-94BC-D627B8590450}
		{2325087E-69F4-4B46-80BB-E7B16422AB8C} = {B12ED410-1E10-4C58-94BC-D627B8590450}
		{A3F16736-55CE-4F27-904B-C7C378A9800D} = {E58D7E65-A465-41E2-82D9-1D79DE2AFD47}
		{6C0D61FD-9B4B-4305-8913-002673DE9E4F} = {E58D7E65-A465-41E2-82D9-1D79DE2AFD47}
	EndGlobalSection
EndGlobal
